Microsoft Visual Studio Solution File, Format Version 12.00
# Visual Studio 2012
Project("{FAE04EC0-301F-11D3-BF4B-00C04F79EFBC}") = "A Love Note", "A Love Note.csproj", "{FABA6E31-BA42-4FDF-97A8-A7B0CD3F974D}"
EndProject
Global
	GlobalSection(SolutionConfigurationPlatforms) = preSolution
	Debug|Any CPU = Debug|Any CPU
	ExportDebug|Any CPU = ExportDebug|Any CPU
	ExportRelease|Any CPU = ExportRelease|Any CPU
	EndGlobalSection
	GlobalSection(ProjectConfigurationPlatforms) = postSolution
		{FABA6E31-BA42-4FDF-97A8-A7B0CD3F974D}.Debug|Any CPU.ActiveCfg = Debug|Any CPU
		{FABA6E31-BA42-4FDF-97A8-A7B0CD3F974D}.Debug|Any CPU.Build.0 = Debug|Any CPU
		{FABA6E31-BA42-4FDF-97A8-A7B0CD3F974D}.ExportDebug|Any CPU.ActiveCfg = ExportDebug|Any CPU
		{FABA6E31-BA42-4FDF-97A8-A7B0CD3F974D}.ExportDebug|Any CPU.Build.0 = ExportDebug|Any CPU
		{FABA6E31-BA42-4FDF-97A8-A7B0CD3F974D}.ExportRelease|Any CPU.ActiveCfg = ExportRelease|Any CPU
		{FABA6E31-BA42-4FDF-97A8-A7B0CD3F974D}.ExportRelease|Any CPU.Build.0 = ExportRelease|Any CPU
	EndGlobalSection
EndGlobal
